
Microsoft Visual Studio Solution File, Format Version 12.00
# Visual Studio 15
VisualStudioVersion = 15.0.26228.10
MinimumVisualStudioVersion = 10.0.40219.1
Project("{FAE04EC0-301F-11D3-BF4B-00C04F79EFBC}") = "IncidentManagement.API", "IncidentManagement.API\IncidentManagement.API.csproj", "{86D7B58C-21CD-491D-A057-A202796C0EF2}"
EndProject
Project("{FAE04EC0-301F-11D3-BF4B-00C04F79EFBC}") = "IncidentManagement.Entities", "IncidentManagement.Entities\IncidentManagement.Entities.csproj", "{8F84C39F-B719-4295-8B56-F311FE9DF0E1}"
EndProject
Project("{FAE04EC0-301F-11D3-BF4B-00C04F79EFBC}") = "IncidentManagement.Repository", "IncidentManagement.Repository\IncidentManagement.Repository.csproj", "{0346B139-EA53-47D6-AA15-05C58A9E6239}"
EndProject
Project("{FAE04EC0-301F-11D3-BF4B-00C04F79EFBC}") = "IncidentManagement.Service", "IncidentManagement.Service\IncidentManagement.Service.csproj", "{36A8AC93-186B-4A5E-B2F8-89878EE3027E}"
EndProject
Project("{E24C65DC-7377-472B-9ABA-BC803B73C61A}") = "cx360.frontend", "..\cx360.frontend\", "{BD6CE0D9-82AE-46E4-A669-33371F5711B2}"
	ProjectSection(WebsiteProperties) = preProject
		TargetFrameworkMoniker = ".NETFramework,Version%3Dv4.5.2"
		Debug.AspNetCompiler.VirtualPath = "/localhost_52945"
		Debug.AspNetCompiler.PhysicalPath = "..\cx360.frontend\"
		Debug.AspNetCompiler.TargetPath = "PrecompiledWeb\localhost_52945\"
		Debug.AspNetCompiler.Updateable = "true"
		Debug.AspNetCompiler.ForceOverwrite = "true"
		Debug.AspNetCompiler.FixedNames = "false"
		Debug.AspNetCompiler.Debug = "True"
		Release.AspNetCompiler.VirtualPath = "/localhost_52945"
		Release.AspNetCompiler.PhysicalPath = "..\cx360.frontend\"
		Release.AspNetCompiler.TargetPath = "PrecompiledWeb\localhost_52945\"
		Release.AspNetCompiler.Updateable = "true"
		Release.AspNetCompiler.ForceOverwrite = "true"
		Release.AspNetCompiler.FixedNames = "false"
		Release.AspNetCompiler.Debug = "False"
		VWDPort = "52945"
		SlnRelativePath = "..\cx360.frontend\"
	EndProjectSection
EndProject
Global
	GlobalSection(SolutionConfigurationPlatforms) = preSolution
		Debug|Any CPU = Debug|Any CPU
		Release|Any CPU = Release|Any CPU
	EndGlobalSection
	GlobalSection(ProjectConfigurationPlatforms) = postSolution
		{86D7B58C-21CD-491D-A057-A202796C0EF2}.Debug|Any CPU.ActiveCfg = Debug|Any CPU
		{86D7B58C-21CD-491D-A057-A202796C0EF2}.Debug|Any CPU.Build.0 = Debug|Any CPU
		{86D7B58C-21CD-491D-A057-A202796C0EF2}.Release|Any CPU.ActiveCfg = Release|Any CPU
		{86D7B58C-21CD-491D-A057-A202796C0EF2}.Release|Any CPU.Build.0 = Release|Any CPU
		{8F84C39F-B719-4295-8B56-F311FE9DF0E1}.Debug|Any CPU.ActiveCfg = Debug|Any CPU
		{8F84C39F-B719-4295-8B56-F311FE9DF0E1}.Debug|Any CPU.Build.0 = Debug|Any CPU
		{8F84C39F-B719-4295-8B56-F311FE9DF0E1}.Release|Any CPU.ActiveCfg = Release|Any CPU
		{8F84C39F-B719-4295-8B56-F311FE9DF0E1}.Release|Any CPU.Build.0 = Release|Any CPU
		{0346B139-EA53-47D6-AA15-05C58A9E6239}.Debug|Any CPU.ActiveCfg = Debug|Any CPU
		{0346B139-EA53-47D6-AA15-05C58A9E6239}.Debug|Any CPU.Build.0 = Debug|Any CPU
		{0346B139-EA53-47D6-AA15-05C58A9E6239}.Release|Any CPU.ActiveCfg = Release|Any CPU
		{0346B139-EA53-47D6-AA15-05C58A9E6239}.Release|Any CPU.Build.0 = Release|Any CPU
		{36A8AC93-186B-4A5E-B2F8-89878EE3027E}.Debug|Any CPU.ActiveCfg = Debug|Any CPU
		{36A8AC93-186B-4A5E-B2F8-89878EE3027E}.Debug|Any CPU.Build.0 = Debug|Any CPU
		{36A8AC93-186B-4A5E-B2F8-89878EE3027E}.Release|Any CPU.ActiveCfg = Release|Any CPU
		{36A8AC93-186B-4A5E-B2F8-89878EE3027E}.Release|Any CPU.Build.0 = Release|Any CPU
		{BD6CE0D9-82AE-46E4-A669-33371F5711B2}.Debug|Any CPU.ActiveCfg = Debug|Any CPU
		{BD6CE0D9-82AE-46E4-A669-33371F5711B2}.Debug|Any CPU.Build.0 = Debug|Any CPU
		{BD6CE0D9-82AE-46E4-A669-33371F5711B2}.Release|Any CPU.ActiveCfg = Debug|Any CPU
		{BD6CE0D9-82AE-46E4-A669-33371F5711B2}.Release|Any CPU.Build.0 = Debug|Any CPU
	EndGlobalSection
	GlobalSection(SolutionProperties) = preSolution
		HideSolutionNode = FALSE
	EndGlobalSection
	GlobalSection(ExtensibilityGlobals) = postSolution
		SolutionGuid = {4C6E54D7-6920-442A-99B6-B9CA2201F19D}
	EndGlobalSection
EndGlobal
